// !$*UTF8*$!
{
	archiveVersion = 1;
	classes = {
	};
	objectVersion = 56;
	objects = {

/* Begin PBXBuildFile section */
		568EA8672B3D6CA800FBDFF8 /* AppDelegate.swift in Sources */ = {isa = PBXBuildFile; fileRef = 568EA8662B3D6CA800FBDFF8 /* AppDelegate.swift */; };
		568EA8692B3D6CA800FBDFF8 /* SceneDelegate.swift in Sources */ = {isa = PBXBuildFile; fileRef = 568EA8682B3D6CA800FBDFF8 /* SceneDelegate.swift */; };
		568EA86E2B3D6CA800FBDFF8 /* Main.storyboard in Resources */ = {isa = PBXBuildFile; fileRef = 568EA86C2B3D6CA800FBDFF8 /* Main.storyboard */; };
		568EA8702B3D6CAA00FBDFF8 /* Assets.xcassets in Resources */ = {isa = PBXBuildFile; fileRef = 568EA86F2B3D6CAA00FBDFF8 /* Assets.xcassets */; };
		568EA8732B3D6CAA00FBDFF8 /* LaunchScreen.storyboard in Resources */ = {isa = PBXBuildFile; fileRef = 568EA8712B3D6CAA00FBDFF8 /* LaunchScreen.storyboard */; };
		568EA87E2B3D6CAA00FBDFF8 /* Chat_ApplicationTests.swift in Sources */ = {isa = PBXBuildFile; fileRef = 568EA87D2B3D6CAA00FBDFF8 /* Chat_ApplicationTests.swift */; };
		568EA8882B3D6CAA00FBDFF8 /* Chat_ApplicationUITests.swift in Sources */ = {isa = PBXBuildFile; fileRef = 568EA8872B3D6CAA00FBDFF8 /* Chat_ApplicationUITests.swift */; };
		568EA88A2B3D6CAA00FBDFF8 /* Chat_ApplicationUITestsLaunchTests.swift in Sources */ = {isa = PBXBuildFile; fileRef = 568EA8892B3D6CAA00FBDFF8 /* Chat_ApplicationUITestsLaunchTests.swift */; };
		568EA89E2B3D71F300FBDFF8 /* LoginViewController.swift in Sources */ = {isa = PBXBuildFile; fileRef = 568EA89C2B3D71F300FBDFF8 /* LoginViewController.swift */; };
		568EA89F2B3D71F300FBDFF8 /* LoginViewController.xib in Resources */ = {isa = PBXBuildFile; fileRef = 568EA89D2B3D71F300FBDFF8 /* LoginViewController.xib */; };
		568EA8A22B3D720E00FBDFF8 /* RegisterViewController.swift in Sources */ = {isa = PBXBuildFile; fileRef = 568EA8A02B3D720E00FBDFF8 /* RegisterViewController.swift */; };
		568EA8A32B3D720E00FBDFF8 /* RegisterViewController.xib in Resources */ = {isa = PBXBuildFile; fileRef = 568EA8A12B3D720E00FBDFF8 /* RegisterViewController.xib */; };
		568EA8A62B3D722400FBDFF8 /* PhotoViewerViewController.swift in Sources */ = {isa = PBXBuildFile; fileRef = 568EA8A42B3D722400FBDFF8 /* PhotoViewerViewController.swift */; };
		568EA8A72B3D722400FBDFF8 /* PhotoViewerViewController.xib in Resources */ = {isa = PBXBuildFile; fileRef = 568EA8A52B3D722400FBDFF8 /* PhotoViewerViewController.xib */; };
		568EA8AA2B3D723A00FBDFF8 /* VideoPlayerViewController.swift in Sources */ = {isa = PBXBuildFile; fileRef = 568EA8A82B3D723A00FBDFF8 /* VideoPlayerViewController.swift */; };
		568EA8AB2B3D723A00FBDFF8 /* VideoPlayerViewController.xib in Resources */ = {isa = PBXBuildFile; fileRef = 568EA8A92B3D723A00FBDFF8 /* VideoPlayerViewController.xib */; };
		568EA8AE2B3D72C500FBDFF8 /* NewConversationViewController.swift in Sources */ = {isa = PBXBuildFile; fileRef = 568EA8AC2B3D72C500FBDFF8 /* NewConversationViewController.swift */; };
		568EA8AF2B3D72C500FBDFF8 /* NewConversationViewController.xib in Resources */ = {isa = PBXBuildFile; fileRef = 568EA8AD2B3D72C500FBDFF8 /* NewConversationViewController.xib */; };
		568EA8B22B3D72E800FBDFF8 /* ProfileViewController.swift in Sources */ = {isa = PBXBuildFile; fileRef = 568EA8B02B3D72E800FBDFF8 /* ProfileViewController.swift */; };
		568EA8B32B3D72E800FBDFF8 /* ProfileViewController.xib in Resources */ = {isa = PBXBuildFile; fileRef = 568EA8B12B3D72E800FBDFF8 /* ProfileViewController.xib */; };
		568EA8B52B3D738A00FBDFF8 /* MainViewController.swift in Sources */ = {isa = PBXBuildFile; fileRef = 568EA8B42B3D738A00FBDFF8 /* MainViewController.swift */; };
		568EA8B82B3D78A800FBDFF8 /* ConversationViewController.swift in Sources */ = {isa = PBXBuildFile; fileRef = 568EA8B62B3D78A800FBDFF8 /* ConversationViewController.swift */; };
		568EA8BB2B3D951600FBDFF8 /* UIView.swift in Sources */ = {isa = PBXBuildFile; fileRef = 568EA8BA2B3D951600FBDFF8 /* UIView.swift */; };
		56C397C72B442D9600470CDA /* GoogleService-Info.plist in Resources */ = {isa = PBXBuildFile; fileRef = 56C397C62B442D9600470CDA /* GoogleService-Info.plist */; };
		56C397C92B4574A200470CDA /* DatabaseManager.swift in Sources */ = {isa = PBXBuildFile; fileRef = 56C397C82B4574A200470CDA /* DatabaseManager.swift */; };
		56C397CB2B45771100470CDA /* ChatAppUser.swift in Sources */ = {isa = PBXBuildFile; fileRef = 56C397CA2B45771100470CDA /* ChatAppUser.swift */; };
		85739C29409E57DA72C20D13 /* Pods_Chat_Application.framework in Frameworks */ = {isa = PBXBuildFile; fileRef = 2F83FE7FBA471FED413BA05B /* Pods_Chat_Application.framework */; };
/* End PBXBuildFile section */

/* Begin PBXContainerItemProxy section */
		568EA87A2B3D6CAA00FBDFF8 /* PBXContainerItemProxy */ = {
			isa = PBXContainerItemProxy;
			containerPortal = 568EA85B2B3D6CA800FBDFF8 /* Project object */;
			proxyType = 1;
			remoteGlobalIDString = 568EA8622B3D6CA800FBDFF8;
			remoteInfo = "Chat Application";
		};
		568EA8842B3D6CAA00FBDFF8 /* PBXContainerItemProxy */ = {
			isa = PBXContainerItemProxy;
			containerPortal = 568EA85B2B3D6CA800FBDFF8 /* Project object */;
			proxyType = 1;
			remoteGlobalIDString = 568EA8622B3D6CA800FBDFF8;
			remoteInfo = "Chat Application";
		};
/* End PBXContainerItemProxy section */

/* Begin PBXFileReference section */
		2F83FE7FBA471FED413BA05B /* Pods_Chat_Application.framework */ = {isa = PBXFileReference; explicitFileType = wrapper.framework; includeInIndex = 0; path = Pods_Chat_Application.framework; sourceTree = BUILT_PRODUCTS_DIR; };
		568EA8632B3D6CA800FBDFF8 /* Chat Application.app */ = {isa = PBXFileReference; explicitFileType = wrapper.application; includeInIndex = 0; path = "Chat Application.app"; sourceTree = BUILT_PRODUCTS_DIR; };
		568EA8662B3D6CA800FBDFF8 /* AppDelegate.swift */ = {isa = PBXFileReference; lastKnownFileType = sourcecode.swift; path = AppDelegate.swift; sourceTree = "<group>"; };
		568EA8682B3D6CA800FBDFF8 /* SceneDelegate.swift */ = {isa = PBXFileReference; lastKnownFileType = sourcecode.swift; path = SceneDelegate.swift; sourceTree = "<group>"; };
		568EA86D2B3D6CA800FBDFF8 /* Base */ = {isa = PBXFileReference; lastKnownFileType = file.storyboard; name = Base; path = Base.lproj/Main.storyboard; sourceTree = "<group>"; };
		568EA86F2B3D6CAA00FBDFF8 /* Assets.xcassets */ = {isa = PBXFileReference; lastKnownFileType = folder.assetcatalog; path = Assets.xcassets; sourceTree = "<group>"; };
		568EA8722B3D6CAA00FBDFF8 /* Base */ = {isa = PBXFileReference; lastKnownFileType = file.storyboard; name = Base; path = Base.lproj/LaunchScreen.storyboard; sourceTree = "<group>"; };
		568EA8742B3D6CAA00FBDFF8 /* Info.plist */ = {isa = PBXFileReference; lastKnownFileType = text.plist.xml; path = Info.plist; sourceTree = "<group>"; };
		568EA8792B3D6CAA00FBDFF8 /* Chat ApplicationTests.xctest */ = {isa = PBXFileReference; explicitFileType = wrapper.cfbundle; includeInIndex = 0; path = "Chat ApplicationTests.xctest"; sourceTree = BUILT_PRODUCTS_DIR; };
		568EA87D2B3D6CAA00FBDFF8 /* Chat_ApplicationTests.swift */ = {isa = PBXFileReference; lastKnownFileType = sourcecode.swift; path = Chat_ApplicationTests.swift; sourceTree = "<group>"; };
		568EA8832B3D6CAA00FBDFF8 /* Chat ApplicationUITests.xctest */ = {isa = PBXFileReference; explicitFileType = wrapper.cfbundle; includeInIndex = 0; path = "Chat ApplicationUITests.xctest"; sourceTree = BUILT_PRODUCTS_DIR; };
		568EA8872B3D6CAA00FBDFF8 /* Chat_ApplicationUITests.swift */ = {isa = PBXFileReference; lastKnownFileType = sourcecode.swift; path = Chat_ApplicationUITests.swift; sourceTree = "<group>"; };
		568EA8892B3D6CAA00FBDFF8 /* Chat_ApplicationUITestsLaunchTests.swift */ = {isa = PBXFileReference; lastKnownFileType = sourcecode.swift; path = Chat_ApplicationUITestsLaunchTests.swift; sourceTree = "<group>"; };
		568EA89C2B3D71F300FBDFF8 /* LoginViewController.swift */ = {isa = PBXFileReference; lastKnownFileType = sourcecode.swift; path = LoginViewController.swift; sourceTree = "<group>"; };
		568EA89D2B3D71F300FBDFF8 /* LoginViewController.xib */ = {isa = PBXFileReference; lastKnownFileType = file.xib; path = LoginViewController.xib; sourceTree = "<group>"; };
		568EA8A02B3D720E00FBDFF8 /* RegisterViewController.swift */ = {isa = PBXFileReference; lastKnownFileType = sourcecode.swift; path = RegisterViewController.swift; sourceTree = "<group>"; };
		568EA8A12B3D720E00FBDFF8 /* RegisterViewController.xib */ = {isa = PBXFileReference; lastKnownFileType = file.xib; path = RegisterViewController.xib; sourceTree = "<group>"; };
		568EA8A42B3D722400FBDFF8 /* PhotoViewerViewController.swift */ = {isa = PBXFileReference; lastKnownFileType = sourcecode.swift; path = PhotoViewerViewController.swift; sourceTree = "<group>"; };
		568EA8A52B3D722400FBDFF8 /* PhotoViewerViewController.xib */ = {isa = PBXFileReference; lastKnownFileType = file.xib; path = PhotoViewerViewController.xib; sourceTree = "<group>"; };
		568EA8A82B3D723A00FBDFF8 /* VideoPlayerViewController.swift */ = {isa = PBXFileReference; lastKnownFileType = sourcecode.swift; path = VideoPlayerViewController.swift; sourceTree = "<group>"; };
		568EA8A92B3D723A00FBDFF8 /* VideoPlayerViewController.xib */ = {isa = PBXFileReference; lastKnownFileType = file.xib; path = VideoPlayerViewController.xib; sourceTree = "<group>"; };
		568EA8AC2B3D72C500FBDFF8 /* NewConversationViewController.swift */ = {isa = PBXFileReference; lastKnownFileType = sourcecode.swift; path = NewConversationViewController.swift; sourceTree = "<group>"; };
		568EA8AD2B3D72C500FBDFF8 /* NewConversationViewController.xib */ = {isa = PBXFileReference; lastKnownFileType = file.xib; path = NewConversationViewController.xib; sourceTree = "<group>"; };
		568EA8B02B3D72E800FBDFF8 /* ProfileViewController.swift */ = {isa = PBXFileReference; lastKnownFileType = sourcecode.swift; path = ProfileViewController.swift; sourceTree = "<group>"; };
		568EA8B12B3D72E800FBDFF8 /* ProfileViewController.xib */ = {isa = PBXFileReference; lastKnownFileType = file.xib; path = ProfileViewController.xib; sourceTree = "<group>"; };
		568EA8B42B3D738A00FBDFF8 /* MainViewController.swift */ = {isa = PBXFileReference; lastKnownFileType = sourcecode.swift; path = MainViewController.swift; sourceTree = "<group>"; };
		568EA8B62B3D78A800FBDFF8 /* ConversationViewController.swift */ = {isa = PBXFileReference; lastKnownFileType = sourcecode.swift; path = ConversationViewController.swift; sourceTree = "<group>"; };
		568EA8BA2B3D951600FBDFF8 /* UIView.swift */ = {isa = PBXFileReference; lastKnownFileType = sourcecode.swift; path = UIView.swift; sourceTree = "<group>"; };
		56C397C62B442D9600470CDA /* GoogleService-Info.plist */ = {isa = PBXFileReference; fileEncoding = 4; lastKnownFileType = text.plist.xml; path = "GoogleService-Info.plist"; sourceTree = "<group>"; };
		56C397C82B4574A200470CDA /* DatabaseManager.swift */ = {isa = PBXFileReference; lastKnownFileType = sourcecode.swift; path = DatabaseManager.swift; sourceTree = "<group>"; };
		56C397CA2B45771100470CDA /* ChatAppUser.swift */ = {isa = PBXFileReference; lastKnownFileType = sourcecode.swift; path = ChatAppUser.swift; sourceTree = "<group>"; };
		61B618EA8787DBDFD42909DC /* Pods-Chat Application.debug.xcconfig */ = {isa = PBXFileReference; includeInIndex = 1; lastKnownFileType = text.xcconfig; name = "Pods-Chat Application.debug.xcconfig"; path = "Target Support Files/Pods-Chat Application/Pods-Chat Application.debug.xcconfig"; sourceTree = "<group>"; };
		ECFFA8BFA02562000D25B787 /* Pods-Chat Application.release.xcconfig */ = {isa = PBXFileReference; includeInIndex = 1; lastKnownFileType = text.xcconfig; name = "Pods-Chat Application.release.xcconfig"; path = "Target Support Files/Pods-Chat Application/Pods-Chat Application.release.xcconfig"; sourceTree = "<group>"; };
/* End PBXFileReference section */

/* Begin PBXFrameworksBuildPhase section */
		568EA8602B3D6CA800FBDFF8 /* Frameworks */ = {
			isa = PBXFrameworksBuildPhase;
			buildActionMask = 2147483647;
			files = (
				85739C29409E57DA72C20D13 /* Pods_Chat_Application.framework in Frameworks */,
			);
			runOnlyForDeploymentPostprocessing = 0;
		};
		568EA8762B3D6CAA00FBDFF8 /* Frameworks */ = {
			isa = PBXFrameworksBuildPhase;
			buildActionMask = 2147483647;
			files = (
			);
			runOnlyForDeploymentPostprocessing = 0;
		};
		568EA8802B3D6CAA00FBDFF8 /* Frameworks */ = {
			isa = PBXFrameworksBuildPhase;
			buildActionMask = 2147483647;
			files = (
			);
			runOnlyForDeploymentPostprocessing = 0;
		};
/* End PBXFrameworksBuildPhase section */

/* Begin PBXGroup section */
		4061B4A28357CA4765770ADF /* Pods */ = {
			isa = PBXGroup;
			children = (
				61B618EA8787DBDFD42909DC /* Pods-Chat Application.debug.xcconfig */,
				ECFFA8BFA02562000D25B787 /* Pods-Chat Application.release.xcconfig */,
			);
			path = Pods;
			sourceTree = "<group>";
		};
		568EA85A2B3D6CA800FBDFF8 = {
			isa = PBXGroup;
			children = (
				568EA8652B3D6CA800FBDFF8 /* Chat Application */,
				568EA87C2B3D6CAA00FBDFF8 /* Chat ApplicationTests */,
				568EA8862B3D6CAA00FBDFF8 /* Chat ApplicationUITests */,
				568EA8642B3D6CA800FBDFF8 /* Products */,
				4061B4A28357CA4765770ADF /* Pods */,
				B09A74308F058D42ACD7B415 /* Frameworks */,
			);
			sourceTree = "<group>";
			usesTabs = 0;
		};
		568EA8642B3D6CA800FBDFF8 /* Products */ = {
			isa = PBXGroup;
			children = (
				568EA8632B3D6CA800FBDFF8 /* Chat Application.app */,
				568EA8792B3D6CAA00FBDFF8 /* Chat ApplicationTests.xctest */,
				568EA8832B3D6CAA00FBDFF8 /* Chat ApplicationUITests.xctest */,
			);
			name = Products;
			sourceTree = "<group>";
		};
		568EA8652B3D6CA800FBDFF8 /* Chat Application */ = {
			isa = PBXGroup;
			children = (
				56C397C62B442D9600470CDA /* GoogleService-Info.plist */,
				568EA89A2B3D70BD00FBDFF8 /* Resources */,
				568EA8992B3D70B700FBDFF8 /* ViewModels */,
				568EA8982B3D70B100FBDFF8 /* Models */,
				568EA8972B3D70AB00FBDFF8 /* Views */,
				568EA8962B3D70A300FBDFF8 /* Controllers */,
				568EA8742B3D6CAA00FBDFF8 /* Info.plist */,
				568EA8BA2B3D951600FBDFF8 /* UIView.swift */,
			);
			path = "Chat Application";
			sourceTree = "<group>";
		};
		568EA87C2B3D6CAA00FBDFF8 /* Chat ApplicationTests */ = {
			isa = PBXGroup;
			children = (
				568EA87D2B3D6CAA00FBDFF8 /* Chat_ApplicationTests.swift */,
			);
			path = "Chat ApplicationTests";
			sourceTree = "<group>";
		};
		568EA8862B3D6CAA00FBDFF8 /* Chat ApplicationUITests */ = {
			isa = PBXGroup;
			children = (
				568EA8872B3D6CAA00FBDFF8 /* Chat_ApplicationUITests.swift */,
				568EA8892B3D6CAA00FBDFF8 /* Chat_ApplicationUITestsLaunchTests.swift */,
			);
			path = "Chat ApplicationUITests";
			sourceTree = "<group>";
		};
		568EA8962B3D70A300FBDFF8 /* Controllers */ = {
			isa = PBXGroup;
			children = (
				568EA89C2B3D71F300FBDFF8 /* LoginViewController.swift */,
				568EA8A02B3D720E00FBDFF8 /* RegisterViewController.swift */,
				568EA8A42B3D722400FBDFF8 /* PhotoViewerViewController.swift */,
				568EA8A82B3D723A00FBDFF8 /* VideoPlayerViewController.swift */,
				568EA8AC2B3D72C500FBDFF8 /* NewConversationViewController.swift */,
				568EA8B02B3D72E800FBDFF8 /* ProfileViewController.swift */,
				568EA8B62B3D78A800FBDFF8 /* ConversationViewController.swift */,
				568EA8B42B3D738A00FBDFF8 /* MainViewController.swift */,
			);
			path = Controllers;
			sourceTree = "<group>";
		};
		568EA8972B3D70AB00FBDFF8 /* Views */ = {
			isa = PBXGroup;
			children = (
				568EA89B2B3D712100FBDFF8 /* Storyboards */,
				568EA86F2B3D6CAA00FBDFF8 /* Assets.xcassets */,
			);
			path = Views;
			sourceTree = "<group>";
		};
		568EA8982B3D70B100FBDFF8 /* Models */ = {
			isa = PBXGroup;
			children = (
				56C397CA2B45771100470CDA /* ChatAppUser.swift */,
			);
			path = Models;
			sourceTree = "<group>";
		};
		568EA8992B3D70B700FBDFF8 /* ViewModels */ = {
			isa = PBXGroup;
			children = (
			);
			path = ViewModels;
			sourceTree = "<group>";
		};
		568EA89A2B3D70BD00FBDFF8 /* Resources */ = {
			isa = PBXGroup;
			children = (
				568EA8662B3D6CA800FBDFF8 /* AppDelegate.swift */,
				568EA8682B3D6CA800FBDFF8 /* SceneDelegate.swift */,
				56C397C82B4574A200470CDA /* DatabaseManager.swift */,
			);
			path = Resources;
			sourceTree = "<group>";
		};
		568EA89B2B3D712100FBDFF8 /* Storyboards */ = {
			isa = PBXGroup;
			children = (
				568EA89D2B3D71F300FBDFF8 /* LoginViewController.xib */,
				568EA8A12B3D720E00FBDFF8 /* RegisterViewController.xib */,
				568EA8A52B3D722400FBDFF8 /* PhotoViewerViewController.xib */,
				568EA8A92B3D723A00FBDFF8 /* VideoPlayerViewController.xib */,
				568EA8AD2B3D72C500FBDFF8 /* NewConversationViewController.xib */,
				568EA8B12B3D72E800FBDFF8 /* ProfileViewController.xib */,
				568EA86C2B3D6CA800FBDFF8 /* Main.storyboard */,
				568EA8712B3D6CAA00FBDFF8 /* LaunchScreen.storyboard */,
			);
			path = Storyboards;
			sourceTree = "<group>";
		};
		B09A74308F058D42ACD7B415 /* Frameworks */ = {
			isa = PBXGroup;
			children = (
				2F83FE7FBA471FED413BA05B /* Pods_Chat_Application.framework */,
			);
			name = Frameworks;
			sourceTree = "<group>";
		};
/* End PBXGroup section */

/* Begin PBXNativeTarget section */
		568EA8622B3D6CA800FBDFF8 /* Chat Application */ = {
			isa = PBXNativeTarget;
			buildConfigurationList = 568EA88D2B3D6CAA00FBDFF8 /* Build configuration list for PBXNativeTarget "Chat Application" */;
			buildPhases = (
				5186DBEA0716DCE488B06864 /* [CP] Check Pods Manifest.lock */,
				568EA85F2B3D6CA800FBDFF8 /* Sources */,
				568EA8602B3D6CA800FBDFF8 /* Frameworks */,
				568EA8612B3D6CA800FBDFF8 /* Resources */,
				6846CFA165DBCE36A3B62773 /* [CP] Embed Pods Frameworks */,
			);
			buildRules = (
			);
			dependencies = (
			);
			name = "Chat Application";
			productName = "Chat Application";
			productReference = 568EA8632B3D6CA800FBDFF8 /* Chat Application.app */;
			productType = "com.apple.product-type.application";
		};
		568EA8782B3D6CAA00FBDFF8 /* Chat ApplicationTests */ = {
			isa = PBXNativeTarget;
			buildConfigurationList = 568EA8902B3D6CAA00FBDFF8 /* Build configuration list for PBXNativeTarget "Chat ApplicationTests" */;
			buildPhases = (
				568EA8752B3D6CAA00FBDFF8 /* Sources */,
				568EA8762B3D6CAA00FBDFF8 /* Frameworks */,
				568EA8772B3D6CAA00FBDFF8 /* Resources */,
			);
			buildRules = (
			);
			dependencies = (
				568EA87B2B3D6CAA00FBDFF8 /* PBXTargetDependency */,
			);
			name = "Chat ApplicationTests";
			productName = "Chat ApplicationTests";
			productReference = 568EA8792B3D6CAA00FBDFF8 /* Chat ApplicationTests.xctest */;
			productType = "com.apple.product-type.bundle.unit-test";
		};
		568EA8822B3D6CAA00FBDFF8 /* Chat ApplicationUITests */ = {
			isa = PBXNativeTarget;
			buildConfigurationList = 568EA8932B3D6CAA00FBDFF8 /* Build configuration list for PBXNativeTarget "Chat ApplicationUITests" */;
			buildPhases = (
				568EA87F2B3D6CAA00FBDFF8 /* Sources */,
				568EA8802B3D6CAA00FBDFF8 /* Frameworks */,
				568EA8812B3D6CAA00FBDFF8 /* Resources */,
			);
			buildRules = (
			);
			dependencies = (
				568EA8852B3D6CAA00FBDFF8 /* PBXTargetDependency */,
			);
			name = "Chat ApplicationUITests";
			productName = "Chat ApplicationUITests";
			productReference = 568EA8832B3D6CAA00FBDFF8 /* Chat ApplicationUITests.xctest */;
			productType = "com.apple.product-type.bundle.ui-testing";
		};
/* End PBXNativeTarget section */

/* Begin PBXProject section */
		568EA85B2B3D6CA800FBDFF8 /* Project object */ = {
			isa = PBXProject;
			attributes = {
				BuildIndependentTargetsInParallel = 1;
				LastSwiftUpdateCheck = 1510;
				LastUpgradeCheck = 1510;
				TargetAttributes = {
					568EA8622B3D6CA800FBDFF8 = {
						CreatedOnToolsVersion = 15.1;
					};
					568EA8782B3D6CAA00FBDFF8 = {
						CreatedOnToolsVersion = 15.1;
						TestTargetID = 568EA8622B3D6CA800FBDFF8;
					};
					568EA8822B3D6CAA00FBDFF8 = {
						CreatedOnToolsVersion = 15.1;
						TestTargetID = 568EA8622B3D6CA800FBDFF8;
					};
				};
			};
			buildConfigurationList = 568EA85E2B3D6CA800FBDFF8 /* Build configuration list for PBXProject "Chat Application" */;
			compatibilityVersion = "Xcode 14.0";
			developmentRegion = en;
			hasScannedForEncodings = 0;
			knownRegions = (
				en,
				Base,
			);
			mainGroup = 568EA85A2B3D6CA800FBDFF8;
			productRefGroup = 568EA8642B3D6CA800FBDFF8 /* Products */;
			projectDirPath = "";
			projectRoot = "";
			targets = (
				568EA8622B3D6CA800FBDFF8 /* Chat Application */,
				568EA8782B3D6CAA00FBDFF8 /* Chat ApplicationTests */,
				568EA8822B3D6CAA00FBDFF8 /* Chat ApplicationUITests */,
			);
		};
/* End PBXProject section */

/* Begin PBXResourcesBuildPhase section */
		568EA8612B3D6CA800FBDFF8 /* Resources */ = {
			isa = PBXResourcesBuildPhase;
			buildActionMask = 2147483647;
			files = (
				568EA8B32B3D72E800FBDFF8 /* ProfileViewController.xib in Resources */,
				568EA89F2B3D71F300FBDFF8 /* LoginViewController.xib in Resources */,
				568EA8A32B3D720E00FBDFF8 /* RegisterViewController.xib in Resources */,
				568EA8AF2B3D72C500FBDFF8 /* NewConversationViewController.xib in Resources */,
				568EA8732B3D6CAA00FBDFF8 /* LaunchScreen.storyboard in Resources */,
				568EA8702B3D6CAA00FBDFF8 /* Assets.xcassets in Resources */,
				568EA8AB2B3D723A00FBDFF8 /* VideoPlayerViewController.xib in Resources */,
				56C397C72B442D9600470CDA /* GoogleService-Info.plist in Resources */,
				568EA86E2B3D6CA800FBDFF8 /* Main.storyboard in Resources */,
				568EA8A72B3D722400FBDFF8 /* PhotoViewerViewController.xib in Resources */,
			);
			runOnlyForDeploymentPostprocessing = 0;
		};
		568EA8772B3D6CAA00FBDFF8 /* Resources */ = {
			isa = PBXResourcesBuildPhase;
			buildActionMask = 2147483647;
			files = (
			);
			runOnlyForDeploymentPostprocessing = 0;
		};
		568EA8812B3D6CAA00FBDFF8 /* Resources */ = {
			isa = PBXResourcesBuildPhase;
			buildActionMask = 2147483647;
			files = (
			);
			runOnlyForDeploymentPostprocessing = 0;
		};
/* End PBXResourcesBuildPhase section */

/* Begin PBXShellScriptBuildPhase section */
		5186DBEA0716DCE488B06864 /* [CP] Check Pods Manifest.lock */ = {
			isa = PBXShellScriptBuildPhase;
			buildActionMask = 2147483647;
			files = (
			);
			inputFileListPaths = (
			);
			inputPaths = (
				"${PODS_PODFILE_DIR_PATH}/Podfile.lock",
				"${PODS_ROOT}/Manifest.lock",
			);
			name = "[CP] Check Pods Manifest.lock";
			outputFileListPaths = (
			);
			outputPaths = (
				"$(DERIVED_FILE_DIR)/Pods-Chat Application-checkManifestLockResult.txt",
			);
			runOnlyForDeploymentPostprocessing = 0;
			shellPath = /bin/sh;
			shellScript = "diff \"${PODS_PODFILE_DIR_PATH}/Podfile.lock\" \"${PODS_ROOT}/Manifest.lock\" > /dev/null\nif [ $? != 0 ] ; then\n    # print error to STDERR\n    echo \"error: The sandbox is not in sync with the Podfile.lock. Run 'pod install' or update your CocoaPods installation.\" >&2\n    exit 1\nfi\n# This output is used by Xcode 'outputs' to avoid re-running this script phase.\necho \"SUCCESS\" > \"${SCRIPT_OUTPUT_FILE_0}\"\n";
			showEnvVarsInLog = 0;
		};
		6846CFA165DBCE36A3B62773 /* [CP] Embed Pods Frameworks */ = {
			isa = PBXShellScriptBuildPhase;
			buildActionMask = 2147483647;
			files = (
			);
			inputFileListPaths = (
				"${PODS_ROOT}/Target Support Files/Pods-Chat Application/Pods-Chat Application-frameworks-${CONFIGURATION}-input-files.xcfilelist",
			);
			name = "[CP] Embed Pods Frameworks";
			outputFileListPaths = (
				"${PODS_ROOT}/Target Support Files/Pods-Chat Application/Pods-Chat Application-frameworks-${CONFIGURATION}-output-files.xcfilelist",
			);
			runOnlyForDeploymentPostprocessing = 0;
			shellPath = /bin/sh;
			shellScript = "\"${PODS_ROOT}/Target Support Files/Pods-Chat Application/Pods-Chat Application-frameworks.sh\"\n";
			showEnvVarsInLog = 0;
		};
/* End PBXShellScriptBuildPhase section */

/* Begin PBXSourcesBuildPhase section */
		568EA85F2B3D6CA800FBDFF8 /* Sources */ = {
			isa = PBXSourcesBuildPhase;
			buildActionMask = 2147483647;
			files = (
				56C397CB2B45771100470CDA /* ChatAppUser.swift in Sources */,
				568EA89E2B3D71F300FBDFF8 /* LoginViewController.swift in Sources */,
				568EA8A22B3D720E00FBDFF8 /* RegisterViewController.swift in Sources */,
				568EA8BB2B3D951600FBDFF8 /* UIView.swift in Sources */,
				568EA8B82B3D78A800FBDFF8 /* ConversationViewController.swift in Sources */,
				568EA8B52B3D738A00FBDFF8 /* MainViewController.swift in Sources */,
				568EA8AE2B3D72C500FBDFF8 /* NewConversationViewController.swift in Sources */,
				568EA8AA2B3D723A00FBDFF8 /* VideoPlayerViewController.swift in Sources */,
				568EA8672B3D6CA800FBDFF8 /* AppDelegate.swift in Sources */,
				56C397C92B4574A200470CDA /* DatabaseManager.swift in Sources */,
				568EA8B22B3D72E800FBDFF8 /* ProfileViewController.swift in Sources */,
				568EA8692B3D6CA800FBDFF8 /* SceneDelegate.swift in Sources */,
				568EA8A62B3D722400FBDFF8 /* PhotoViewerViewController.swift in Sources */,
			);
			runOnlyForDeploymentPostprocessing = 0;
		};
		568EA8752B3D6CAA00FBDFF8 /* Sources */ = {
			isa = PBXSourcesBuildPhase;
			buildActionMask = 2147483647;
			files = (
				568EA87E2B3D6CAA00FBDFF8 /* Chat_ApplicationTests.swift in Sources */,
			);
			runOnlyForDeploymentPostprocessing = 0;
		};
		568EA87F2B3D6CAA00FBDFF8 /* Sources */ = {
			isa = PBXSourcesBuildPhase;
			buildActionMask = 2147483647;
			files = (
				568EA8882B3D6CAA00FBDFF8 /* Chat_ApplicationUITests.swift in Sources */,
				568EA88A2B3D6CAA00FBDFF8 /* Chat_ApplicationUITestsLaunchTests.swift in Sources */,
			);
			runOnlyForDeploymentPostprocessing = 0;
		};
/* End PBXSourcesBuildPhase section */

/* Begin PBXTargetDependency section */
		568EA87B2B3D6CAA00FBDFF8 /* PBXTargetDependency */ = {
			isa = PBXTargetDependency;
			target = 568EA8622B3D6CA800FBDFF8 /* Chat Application */;
			targetProxy = 568EA87A2B3D6CAA00FBDFF8 /* PBXContainerItemProxy */;
		};
		568EA8852B3D6CAA00FBDFF8 /* PBXTargetDependency */ = {
			isa = PBXTargetDependency;
			target = 568EA8622B3D6CA800FBDFF8 /* Chat Application */;
			targetProxy = 568EA8842B3D6CAA00FBDFF8 /* PBXContainerItemProxy */;
		};
/* End PBXTargetDependency section */

/* Begin PBXVariantGroup section */
		568EA86C2B3D6CA800FBDFF8 /* Main.storyboard */ = {
			isa = PBXVariantGroup;
			children = (
				568EA86D2B3D6CA800FBDFF8 /* Base */,
			);
			name = Main.storyboard;
			sourceTree = "<group>";
		};
		568EA8712B3D6CAA00FBDFF8 /* LaunchScreen.storyboard */ = {
			isa = PBXVariantGroup;
			children = (
				568EA8722B3D6CAA00FBDFF8 /* Base */,
			);
			name = LaunchScreen.storyboard;
			sourceTree = "<group>";
		};
/* End PBXVariantGroup section */

/* Begin XCBuildConfiguration section */
		568EA88B2B3D6CAA00FBDFF8 /* Debug */ = {
			isa = XCBuildConfiguration;
			buildSettings = {
				ALWAYS_SEARCH_USER_PATHS = NO;
				ASSETCATALOG_COMPILER_GENERATE_SWIFT_ASSET_SYMBOL_EXTENSIONS = YES;
				CLANG_ANALYZER_NONNULL = YES;
				CLANG_ANALYZER_NUMBER_OBJECT_CONVERSION = YES_AGGRESSIVE;
				CLANG_CXX_LANGUAGE_STANDARD = "gnu++20";
				CLANG_ENABLE_MODULES = YES;
				CLANG_ENABLE_OBJC_ARC = YES;
				CLANG_ENABLE_OBJC_WEAK = YES;
				CLANG_WARN_BLOCK_CAPTURE_AUTORELEASING = YES;
				CLANG_WARN_BOOL_CONVERSION = YES;
				CLANG_WARN_COMMA = YES;
				CLANG_WARN_CONSTANT_CONVERSION = YES;
				CLANG_WARN_DEPRECATED_OBJC_IMPLEMENTATIONS = YES;
				CLANG_WARN_DIRECT_OBJC_ISA_USAGE = YES_ERROR;
				CLANG_WARN_DOCUMENTATION_COMMENTS = YES;
				CLANG_WARN_EMPTY_BODY = YES;
				CLANG_WARN_ENUM_CONVERSION = YES;
				CLANG_WARN_INFINITE_RECURSION = YES;
				CLANG_WARN_INT_CONVERSION = YES;
				CLANG_WARN_NON_LITERAL_NULL_CONVERSION = YES;
				CLANG_WARN_OBJC_IMPLICIT_RETAIN_SELF = YES;
				CLANG_WARN_OBJC_LITERAL_CONVERSION = YES;
				CLANG_WARN_OBJC_ROOT_CLASS = YES_ERROR;
				CLANG_WARN_QUOTED_INCLUDE_IN_FRAMEWORK_HEADER = YES;
				CLANG_WARN_RANGE_LOOP_ANALYSIS = YES;
				CLANG_WARN_STRICT_PROTOTYPES = YES;
				CLANG_WARN_SUSPICIOUS_MOVE = YES;
				CLANG_WARN_UNGUARDED_AVAILABILITY = YES_AGGRESSIVE;
				CLANG_WARN_UNREACHABLE_CODE = YES;
				CLANG_WARN__DUPLICATE_METHOD_MATCH = YES;
				COPY_PHASE_STRIP = NO;
				DEBUG_INFORMATION_FORMAT = dwarf;
				ENABLE_STRICT_OBJC_MSGSEND = YES;
				ENABLE_TESTABILITY = YES;
				ENABLE_USER_SCRIPT_SANDBOXING = NO;
				GCC_C_LANGUAGE_STANDARD = gnu17;
				GCC_DYNAMIC_NO_PIC = NO;
				GCC_NO_COMMON_BLOCKS = YES;
				GCC_OPTIMIZATION_LEVEL = 0;
				GCC_PREPROCESSOR_DEFINITIONS = (
					"DEBUG=1",
					"$(inherited)",
				);
				GCC_WARN_64_TO_32_BIT_CONVERSION = YES;
				GCC_WARN_ABOUT_RETURN_TYPE = YES_ERROR;
				GCC_WARN_UNDECLARED_SELECTOR = YES;
				GCC_WARN_UNINITIALIZED_AUTOS = YES_AGGRESSIVE;
				GCC_WARN_UNUSED_FUNCTION = YES;
				GCC_WARN_UNUSED_VARIABLE = YES;
				IPHONEOS_DEPLOYMENT_TARGET = 17.2;
				LOCALIZATION_PREFERS_STRING_CATALOGS = YES;
				MTL_ENABLE_DEBUG_INFO = INCLUDE_SOURCE;
				MTL_FAST_MATH = YES;
				ONLY_ACTIVE_ARCH = YES;
				SDKROOT = iphoneos;
				SWIFT_ACTIVE_COMPILATION_CONDITIONS = "DEBUG $(inherited)";
				SWIFT_OPTIMIZATION_LEVEL = "-Onone";
			};
			name = Debug;
		};
		568EA88C2B3D6CAA00FBDFF8 /* Release */ = {
			isa = XCBuildConfiguration;
			buildSettings = {
				ALWAYS_SEARCH_USER_PATHS = NO;
				ASSETCATALOG_COMPILER_GENERATE_SWIFT_ASSET_SYMBOL_EXTENSIONS = YES;
				CLANG_ANALYZER_NONNULL = YES;
				CLANG_ANALYZER_NUMBER_OBJECT_CONVERSION = YES_AGGRESSIVE;
				CLANG_CXX_LANGUAGE_STANDARD = "gnu++20";
				CLANG_ENABLE_MODULES = YES;
				CLANG_ENABLE_OBJC_ARC = YES;
				CLANG_ENABLE_OBJC_WEAK = YES;
				CLANG_WARN_BLOCK_CAPTURE_AUTORELEASING = YES;
				CLANG_WARN_BOOL_CONVERSION = YES;
				CLANG_WARN_COMMA = YES;
				CLANG_WARN_CONSTANT_CONVERSION = YES;
				CLANG_WARN_DEPRECATED_OBJC_IMPLEMENTATIONS = YES;
				CLANG_WARN_DIRECT_OBJC_ISA_USAGE = YES_ERROR;
				CLANG_WARN_DOCUMENTATION_COMMENTS = YES;
				CLANG_WARN_EMPTY_BODY = YES;
				CLANG_WARN_ENUM_CONVERSION = YES;
				CLANG_WARN_INFINITE_RECURSION = YES;
				CLANG_WARN_INT_CONVERSION = YES;
				CLANG_WARN_NON_LITERAL_NULL_CONVERSION = YES;
				CLANG_WARN_OBJC_IMPLICIT_RETAIN_SELF = YES;
				CLANG_WARN_OBJC_LITERAL_CONVERSION = YES;
				CLANG_WARN_OBJC_ROOT_CLASS = YES_ERROR;
				CLANG_WARN_QUOTED_INCLUDE_IN_FRAMEWORK_HEADER = YES;
				CLANG_WARN_RANGE_LOOP_ANALYSIS = YES;
				CLANG_WARN_STRICT_PROTOTYPES = YES;
				CLANG_WARN_SUSPICIOUS_MOVE = YES;
				CLANG_WARN_UNGUARDED_AVAILABILITY = YES_AGGRESSIVE;
				CLANG_WARN_UNREACHABLE_CODE = YES;
				CLANG_WARN__DUPLICATE_METHOD_MATCH = YES;
				COPY_PHASE_STRIP = NO;
				DEBUG_INFORMATION_FORMAT = "dwarf-with-dsym";
				ENABLE_NS_ASSERTIONS = NO;
				ENABLE_STRICT_OBJC_MSGSEND = YES;
				ENABLE_USER_SCRIPT_SANDBOXING = NO;
				GCC_C_LANGUAGE_STANDARD = gnu17;
				GCC_NO_COMMON_BLOCKS = YES;
				GCC_WARN_64_TO_32_BIT_CONVERSION = YES;
				GCC_WARN_ABOUT_RETURN_TYPE = YES_ERROR;
				GCC_WARN_UNDECLARED_SELECTOR = YES;
				GCC_WARN_UNINITIALIZED_AUTOS = YES_AGGRESSIVE;
				GCC_WARN_UNUSED_FUNCTION = YES;
				GCC_WARN_UNUSED_VARIABLE = YES;
				IPHONEOS_DEPLOYMENT_TARGET = 17.2;
				LOCALIZATION_PREFERS_STRING_CATALOGS = YES;
				MTL_ENABLE_DEBUG_INFO = NO;
				MTL_FAST_MATH = YES;
				SDKROOT = iphoneos;
				SWIFT_COMPILATION_MODE = wholemodule;
				VALIDATE_PRODUCT = YES;
			};
			name = Release;
		};
		568EA88E2B3D6CAA00FBDFF8 /* Debug */ = {
			isa = XCBuildConfiguration;
			baseConfigurationReference = 61B618EA8787DBDFD42909DC /* Pods-Chat Application.debug.xcconfig */;
			buildSettings = {
				ASSETCATALOG_COMPILER_APPICON_NAME = AppIcon;
				ASSETCATALOG_COMPILER_GLOBAL_ACCENT_COLOR_NAME = AccentColor;
				CODE_SIGN_STYLE = Automatic;
				CURRENT_PROJECT_VERSION = 1;
				GENERATE_INFOPLIST_FILE = YES;
				INFOPLIST_FILE = "Chat Application/Info.plist";
				INFOPLIST_KEY_CFBundleDisplayName = "Chat App";
				INFOPLIST_KEY_NSCameraUsageDescription = "Please allow access to take a profile picture";
				INFOPLIST_KEY_NSPhotoLibraryAddUsageDescription = "Please allow access to select a profile picture";
				INFOPLIST_KEY_UIApplicationSupportsIndirectInputEvents = YES;
				INFOPLIST_KEY_UILaunchStoryboardName = LaunchScreen;
				INFOPLIST_KEY_UIMainStoryboardFile = Main;
				INFOPLIST_KEY_UISupportedInterfaceOrientations = "UIInterfaceOrientationLandscapeLeft UIInterfaceOrientationLandscapeRight UIInterfaceOrientationPortrait";
				INFOPLIST_KEY_UISupportedInterfaceOrientations_iPad = UIInterfaceOrientationPortrait;
				IPHONEOS_DEPLOYMENT_TARGET = 14.0;
				LD_RUNPATH_SEARCH_PATHS = (
					"$(inherited)",
					"@executable_path/Frameworks",
				);
				MARKETING_VERSION = 1.0;
				PRODUCT_BUNDLE_IDENTIFIER = "com.org.Chat-Application";
				PRODUCT_NAME = "$(TARGET_NAME)";
				SWIFT_EMIT_LOC_STRINGS = YES;
				SWIFT_VERSION = 5.0;
				TARGETED_DEVICE_FAMILY = "1,2";
			};
			name = Debug;
		};
		568EA88F2B3D6CAA00FBDFF8 /* Release */ = {
			isa = XCBuildConfiguration;
			baseConfigurationReference = ECFFA8BFA02562000D25B787 /* Pods-Chat Application.release.xcconfig */;
			buildSettings = {
				ASSETCATALOG_COMPILER_APPICON_NAME = AppIcon;
				ASSETCATALOG_COMPILER_GLOBAL_ACCENT_COLOR_NAME = AccentColor;
				CODE_SIGN_STYLE = Automatic;
				CURRENT_PROJECT_VERSION = 1;
				GENERATE_INFOPLIST_FILE = YES;
				INFOPLIST_FILE = "Chat Application/Info.plist";
				INFOPLIST_KEY_CFBundleDisplayName = "Chat App";
				INFOPLIST_KEY_NSCameraUsageDescription = "Please allow access to take a profile picture";
				INFOPLIST_KEY_NSPhotoLibraryAddUsageDescription = "Please allow access to select a profile picture";
				INFOPLIST_KEY_UIApplicationSupportsIndirectInputEvents = YES;
				INFOPLIST_KEY_UILaunchStoryboardName = LaunchScreen;
				INFOPLIST_KEY_UIMainStoryboardFile = Main;
				INFOPLIST_KEY_UISupportedInterfaceOrientations = "UIInterfaceOrientationLandscapeLeft UIInterfaceOrientationLandscapeRight UIInterfaceOrientationPortrait";
				INFOPLIST_KEY_UISupportedInterfaceOrientations_iPad = UIInterfaceOrientationPortrait;
				IPHONEOS_DEPLOYMENT_TARGET = 14.0;
				LD_RUNPATH_SEARCH_PATHS = (
					"$(inherited)",
					"@executable_path/Frameworks",
				);
				MARKETING_VERSION = 1.0;
				PRODUCT_BUNDLE_IDENTIFIER = "com.org.Chat-Application";
				PRODUCT_NAME = "$(TARGET_NAME)";
				SWIFT_EMIT_LOC_STRINGS = YES;
				SWIFT_VERSION = 5.0;
				TARGETED_DEVICE_FAMILY = "1,2";
			};
			name = Release;
		};
		568EA8912B3D6CAA00FBDFF8 /* Debug */ = {
			isa = XCBuildConfiguration;
			buildSettings = {
				ALWAYS_EMBED_SWIFT_STANDARD_LIBRARIES = YES;
				BUNDLE_LOADER = "$(TEST_HOST)";
				CODE_SIGN_STYLE = Automatic;
				CURRENT_PROJECT_VERSION = 1;
				GENERATE_INFOPLIST_FILE = YES;
				IPHONEOS_DEPLOYMENT_TARGET = 17.2;
				MARKETING_VERSION = 1.0;
				PRODUCT_BUNDLE_IDENTIFIER = "com.org..Chat-ApplicationTests";
				PRODUCT_NAME = "$(TARGET_NAME)";
				SWIFT_EMIT_LOC_STRINGS = NO;
				SWIFT_VERSION = 5.0;
				TARGETED_DEVICE_FAMILY = "1,2";
				TEST_HOST = "$(BUILT_PRODUCTS_DIR)/Chat Application.app/$(BUNDLE_EXECUTABLE_FOLDER_PATH)/Chat Application";
			};
			name = Debug;
		};
		568EA8922B3D6CAA00FBDFF8 /* Release */ = {
			isa = XCBuildConfiguration;
			buildSettings = {
				ALWAYS_EMBED_SWIFT_STANDARD_LIBRARIES = YES;
				BUNDLE_LOADER = "$(TEST_HOST)";
				CODE_SIGN_STYLE = Automatic;
				CURRENT_PROJECT_VERSION = 1;
				GENERATE_INFOPLIST_FILE = YES;
				IPHONEOS_DEPLOYMENT_TARGET = 17.2;
				MARKETING_VERSION = 1.0;
				PRODUCT_BUNDLE_IDENTIFIER = "com.org..Chat-ApplicationTests";
				PRODUCT_NAME = "$(TARGET_NAME)";
				SWIFT_EMIT_LOC_STRINGS = NO;
				SWIFT_VERSION = 5.0;
				TARGETED_DEVICE_FAMILY = "1,2";
				TEST_HOST = "$(BUILT_PRODUCTS_DIR)/Chat Application.app/$(BUNDLE_EXECUTABLE_FOLDER_PATH)/Chat Application";
			};
			name = Release;
		};
		568EA8942B3D6CAA00FBDFF8 /* Debug */ = {
			isa = XCBuildConfiguration;
			buildSettings = {
				ALWAYS_EMBED_SWIFT_STANDARD_LIBRARIES = YES;
				CODE_SIGN_STYLE = Automatic;
				CURRENT_PROJECT_VERSION = 1;
				GENERATE_INFOPLIST_FILE = YES;
				MARKETING_VERSION = 1.0;
				PRODUCT_BUNDLE_IDENTIFIER = "com.org..Chat-ApplicationUITests";
				PRODUCT_NAME = "$(TARGET_NAME)";
				SWIFT_EMIT_LOC_STRINGS = NO;
				SWIFT_VERSION = 5.0;
				TARGETED_DEVICE_FAMILY = "1,2";
				TEST_TARGET_NAME = "Chat Application";
			};
			name = Debug;
		};
		568EA8952B3D6CAA00FBDFF8 /* Release */ = {
			isa = XCBuildConfiguration;
			buildSettings = {
				ALWAYS_EMBED_SWIFT_STANDARD_LIBRARIES = YES;
				CODE_SIGN_STYLE = Automatic;
				CURRENT_PROJECT_VERSION = 1;
				GENERATE_INFOPLIST_FILE = YES;
				MARKETING_VERSION = 1.0;
				PRODUCT_BUNDLE_IDENTIFIER = "com.org..Chat-ApplicationUITests";
				PRODUCT_NAME = "$(TARGET_NAME)";
				SWIFT_EMIT_LOC_STRINGS = NO;
				SWIFT_VERSION = 5.0;
				TARGETED_DEVICE_FAMILY = "1,2";
				TEST_TARGET_NAME = "Chat Application";
			};
			name = Release;
		};
/* End XCBuildConfiguration section */

/* Begin XCConfigurationList section */
		568EA85E2B3D6CA800FBDFF8 /* Build configuration list for PBXProject "Chat Application" */ = {
			isa = XCConfigurationList;
			buildConfigurations = (
				568EA88B2B3D6CAA00FBDFF8 /* Debug */,
				568EA88C2B3D6CAA00FBDFF8 /* Release */,
			);
			defaultConfigurationIsVisible = 0;
			defaultConfigurationName = Release;
		};
		568EA88D2B3D6CAA00FBDFF8 /* Build configuration list for PBXNativeTarget "Chat Application" */ = {
			isa = XCConfigurationList;
			buildConfigurations = (
				568EA88E2B3D6CAA00FBDFF8 /* Debug */,
				568EA88F2B3D6CAA00FBDFF8 /* Release */,
			);
			defaultConfigurationIsVisible = 0;
			defaultConfigurationName = Release;
		};
		568EA8902B3D6CAA00FBDFF8 /* Build configuration list for PBXNativeTarget "Chat ApplicationTests" */ = {
			isa = XCConfigurationList;
			buildConfigurations = (
				568EA8912B3D6CAA00FBDFF8 /* Debug */,
				568EA8922B3D6CAA00FBDFF8 /* Release */,
			);
			defaultConfigurationIsVisible = 0;
			defaultConfigurationName = Release;
		};
		568EA8932B3D6CAA00FBDFF8 /* Build configuration list for PBXNativeTarget "Chat ApplicationUITests" */ = {
			isa = XCConfigurationList;
			buildConfigurations = (
				568EA8942B3D6CAA00FBDFF8 /* Debug */,
				568EA8952B3D6CAA00FBDFF8 /* Release */,
			);
			defaultConfigurationIsVisible = 0;
			defaultConfigurationName = Release;
		};
/* End XCConfigurationList section */
	};
	rootObject = 568EA85B2B3D6CA800FBDFF8 /* Project object */;
}
